# This file was autogenerated by Stack.
# You should not edit this file by hand.
# For more information, please see the documentation at:
#   https://docs.haskellstack.org/en/stable/lock_files

packages:
- completed:
    commit: 576bac0b0b4ad99b415a92c5bd2ef05e944f2dae
    git: https://github.com/maxigit/regex-compat-tdfa
    name: regex-compat-tdfa
    pantry-tree:
      sha256: 3c60eb608551c3941ed0d912d34dac18a30430e5f05079aa47e664a3dfe8265d
      size: 215
    version: 0.95.1.4
  original:
    commit: 576bac0b0b4ad99b415a92c5bd2ef05e944f2dae
    git: https://github.com/maxigit/regex-compat-tdfa
snapshots:
- completed:
    sha256: 5a59b2a405b3aba3c00188453be172b85893cab8ebc352b1ef58b0eae5d248a2
    size: 650475
    url: https://raw.githubusercontent.com/commercialhaskell/stackage-snapshots/master/lts/20/26.yaml
  original: lts-20.26
